
Microsoft Visual Studio Solution File, Format Version 12.00
# Visual Studio Version 16
VisualStudioVersion = 16.0.29806.167
MinimumVisualStudioVersion = 10.0.40219.1
Project("{FAE04EC0-301F-11D3-BF4B-00C04F79EFBC}") = "N-tier.Services", "N-tier.Services\N-tier.Services.csproj", "{5A595AB9-9DF1-4FEB-A1C2-A561D1AEF4CC}"
EndProject
Project("{FAE04EC0-301F-11D3-BF4B-00C04F79EFBC}") = "N-tier.DataAccess.SQL", "N-tier.DataAccess.SQL\N-tier.DataAccess.SQL.csproj", "{E811E6EC-6CEF-4442-9808-807CEBAE003B}"
EndProject
Project("{FAE04EC0-301F-11D3-BF4B-00C04F79EFBC}") = "N-tier.DataAccess.InMemory", "N-tier.DataAccess.InMemory\N-tier.DataAccess.InMemory.csproj", "{3DF22FFC-4531-4F7C-B279-9AF12074288E}"
EndProject
Project("{FAE04EC0-301F-11D3-BF4B-00C04F79EFBC}") = "N-tier.Core", "N-tier.Core\N-tier.Core.csproj", "{9FE0A1BF-50B8-4358-AD3E-609EBDDEC787}"
EndProject
Project("{FAE04EC0-301F-11D3-BF4B-00C04F79EFBC}") = "N-Tier.UI", "N-Tier.UI\N-Tier.UI.csproj", "{9F177250-07C8-425F-981F-358A68FA054D}"
EndProject
Global
	GlobalSection(SolutionConfigurationPlatforms) = preSolution
		Debug|Any CPU = Debug|Any CPU
		Release|Any CPU = Release|Any CPU
	EndGlobalSection
	GlobalSection(ProjectConfigurationPlatforms) = postSolution
		{5A595AB9-9DF1-4FEB-A1C2-A561D1AEF4CC}.Debug|Any CPU.ActiveCfg = Debug|Any CPU
		{5A595AB9-9DF1-4FEB-A1C2-A561D1AEF4CC}.Debug|Any CPU.Build.0 = Debug|Any CPU
		{5A595AB9-9DF1-4FEB-A1C2-A561D1AEF4CC}.Release|Any CPU.ActiveCfg = Release|Any CPU
		{5A595AB9-9DF1-4FEB-A1C2-A561D1AEF4CC}.Release|Any CPU.Build.0 = Release|Any CPU
		{E811E6EC-6CEF-4442-9808-807CEBAE003B}.Debug|Any CPU.ActiveCfg = Debug|Any CPU
		{E811E6EC-6CEF-4442-9808-807CEBAE003B}.Debug|Any CPU.Build.0 = Debug|Any CPU
		{E811E6EC-6CEF-4442-9808-807CEBAE003B}.Release|Any CPU.ActiveCfg = Release|Any CPU
		{E811E6EC-6CEF-4442-9808-807CEBAE003B}.Release|Any CPU.Build.0 = Release|Any CPU
		{3DF22FFC-4531-4F7C-B279-9AF12074288E}.Debug|Any CPU.ActiveCfg = Debug|Any CPU
		{3DF22FFC-4531-4F7C-B279-9AF12074288E}.Debug|Any CPU.Build.0 = Debug|Any CPU
		{3DF22FFC-4531-4F7C-B279-9AF12074288E}.Release|Any CPU.ActiveCfg = Release|Any CPU
		{3DF22FFC-4531-4F7C-B279-9AF12074288E}.Release|Any CPU.Build.0 = Release|Any CPU
		{9FE0A1BF-50B8-4358-AD3E-609EBDDEC787}.Debug|Any CPU.ActiveCfg = Debug|Any CPU
		{9FE0A1BF-50B8-4358-AD3E-609EBDDEC787}.Debug|Any CPU.Build.0 = Debug|Any CPU
		{9FE0A1BF-50B8-4358-AD3E-609EBDDEC787}.Release|Any CPU.ActiveCfg = Release|Any CPU
		{9FE0A1BF-50B8-4358-AD3E-609EBDDEC787}.Release|Any CPU.Build.0 = Release|Any CPU
		{9F177250-07C8-425F-981F-358A68FA054D}.Debug|Any CPU.ActiveCfg = Debug|Any CPU
		{9F177250-07C8-425F-981F-358A68FA054D}.Debug|Any CPU.Build.0 = Debug|Any CPU
		{9F177250-07C8-425F-981F-358A68FA054D}.Release|Any CPU.ActiveCfg = Release|Any CPU
		{9F177250-07C8-425F-981F-358A68FA054D}.Release|Any CPU.Build.0 = Release|Any CPU
	EndGlobalSection
	GlobalSection(SolutionProperties) = preSolution
		HideSolutionNode = FALSE
	EndGlobalSection
	GlobalSection(ExtensibilityGlobals) = postSolution
		SolutionGuid = {79611469-3A6B-4F9D-B24F-ED823C3B599B}
	EndGlobalSection
EndGlobal
